// !$*UTF8*$!
{
	archiveVersion = 1;
	classes = {
	};
	objectVersion = 55;
	objects = {

/* Begin PBXBuildFile section */
		4236DE5A286DA34000F10002 /* schema.graphqls in Resources */ = {isa = PBXBuildFile; fileRef = 4236DE59286DA34000F10002 /* schema.graphqls */; };
		4236DE5C286DA36D00F10002 /* ViewerName.graphql in Resources */ = {isa = PBXBuildFile; fileRef = 4236DE5B286DA36C00F10002 /* ViewerName.graphql */; };
		4236DE5E286DA47400F10002 /* Network.swift in Sources */ = {isa = PBXBuildFile; fileRef = 4236DE5D286DA47400F10002 /* Network.swift */; };
		4236DE60286DAD2000F10002 /* NetworkInterceptorProvider.swift in Sources */ = {isa = PBXBuildFile; fileRef = 4236DE5F286DAD2000F10002 /* NetworkInterceptorProvider.swift */; };
		4236DE64286DB15700F10002 /* Login.swift in Sources */ = {isa = PBXBuildFile; fileRef = 4236DE63286DB15700F10002 /* Login.swift */; };
		4236DE66286DF68C00F10002 /* ColorEx.swift in Sources */ = {isa = PBXBuildFile; fileRef = 4236DE65286DF68C00F10002 /* ColorEx.swift */; };
		423B274128961C5700C07754 /* DynamicView.swift in Sources */ = {isa = PBXBuildFile; fileRef = 423B274028961C5700C07754 /* DynamicView.swift */; };
		423B2749289658C300C07754 /* SwiftUIGithubAppTests.swift in Sources */ = {isa = PBXBuildFile; fileRef = 423B2748289658C300C07754 /* SwiftUIGithubAppTests.swift */; };
		423B275028965E0900C07754 /* LocalStorageTests.swift in Sources */ = {isa = PBXBuildFile; fileRef = 423B274F28965E0900C07754 /* LocalStorageTests.swift */; };
		423B275828968F8F00C07754 /* FileStorage.swift in Sources */ = {isa = PBXBuildFile; fileRef = 423B275728968F8F00C07754 /* FileStorage.swift */; };
		423B275A289691C400C07754 /* FileHelper.swift in Sources */ = {isa = PBXBuildFile; fileRef = 423B2759289691C400C07754 /* FileHelper.swift */; };
		4250A5D7286A9AD100DF5A5D /* Store.swift in Sources */ = {isa = PBXBuildFile; fileRef = 4250A5D6286A9AD100DF5A5D /* Store.swift */; };
		4250A5D9286A9B9100DF5A5D /* AppError.swift in Sources */ = {isa = PBXBuildFile; fileRef = 4250A5D8286A9B9100DF5A5D /* AppError.swift */; };
		4250A5DF286AD41B00DF5A5D /* LocalStorage.swift in Sources */ = {isa = PBXBuildFile; fileRef = 4250A5DE286AD41B00DF5A5D /* LocalStorage.swift */; };
		42735C682872A1E800A7D614 /* Address.swift in Sources */ = {isa = PBXBuildFile; fileRef = 42735C672872A1E800A7D614 /* Address.swift */; };
		42735C6A2872A20A00A7D614 /* Constants.swift in Sources */ = {isa = PBXBuildFile; fileRef = 42735C692872A20A00A7D614 /* Constants.swift */; };
		42735C6C2872BCDD00A7D614 /* Config.swift in Sources */ = {isa = PBXBuildFile; fileRef = 42735C6B2872BCDD00A7D614 /* Config.swift */; };
		42735C6E2872C15B00A7D614 /* GithubAPI.swift in Sources */ = {isa = PBXBuildFile; fileRef = 42735C6D2872C15B00A7D614 /* GithubAPI.swift */; };
		42735C7D2873337000A7D614 /* LoginCard.swift in Sources */ = {isa = PBXBuildFile; fileRef = 42735C7C2873337000A7D614 /* LoginCard.swift */; };
		42735C91287382F700A7D614 /* Localizable.strings in Resources */ = {isa = PBXBuildFile; fileRef = 42735C93287382F700A7D614 /* Localizable.strings */; };
		42735CA32873FB2600A7D614 /* ParticlesView.swift in Sources */ = {isa = PBXBuildFile; fileRef = 42735CA22873FB2600A7D614 /* ParticlesView.swift */; };
		42735CA52873FB7800A7D614 /* GradientAnimation.swift in Sources */ = {isa = PBXBuildFile; fileRef = 42735CA42873FB7800A7D614 /* GradientAnimation.swift */; };
		42735CA72873FBED00A7D614 /* KeyboardManager.swift in Sources */ = {isa = PBXBuildFile; fileRef = 42735CA62873FBED00A7D614 /* KeyboardManager.swift */; };
		42735CA92874032000A7D614 /* UIColorEx.swift in Sources */ = {isa = PBXBuildFile; fileRef = 42735CA82874032000A7D614 /* UIColorEx.swift */; };
		42735CB228747BA900A7D614 /* CustomActionSheet.swift in Sources */ = {isa = PBXBuildFile; fileRef = 42735CB128747BA900A7D614 /* CustomActionSheet.swift */; };
		42735CB8287488BD00A7D614 /* Language.swift in Sources */ = {isa = PBXBuildFile; fileRef = 42735CB7287488BD00A7D614 /* Language.swift */; };
		42735CBA28748C9300A7D614 /* ActionSheet.swift in Sources */ = {isa = PBXBuildFile; fileRef = 42735CB928748C9300A7D614 /* ActionSheet.swift */; };
		42735CC42875379F00A7D614 /* ViewEx.swift in Sources */ = {isa = PBXBuildFile; fileRef = 42735CC32875379F00A7D614 /* ViewEx.swift */; };
		42735CC628755A0C00A7D614 /* WebContent.swift in Sources */ = {isa = PBXBuildFile; fileRef = 42735CC528755A0C00A7D614 /* WebContent.swift */; };
		42735CC82875E04F00A7D614 /* GithubRequest.swift in Sources */ = {isa = PBXBuildFile; fileRef = 42735CC72875E04F00A7D614 /* GithubRequest.swift */; };
		42735CCD2875F06B00A7D614 /* Helpers.swift in Sources */ = {isa = PBXBuildFile; fileRef = 42735CCC2875F06B00A7D614 /* Helpers.swift */; };
		42735CD12876257E00A7D614 /* ScalingCircles.swift in Sources */ = {isa = PBXBuildFile; fileRef = 42735CD02876257E00A7D614 /* ScalingCircles.swift */; };
		427A73AB2894DB18007DD02A /* Kingfisher in Frameworks */ = {isa = PBXBuildFile; productRef = 427A73AA2894DB18007DD02A /* Kingfisher */; };
		427A73AE2894DE52007DD02A /* Apollo in Frameworks */ = {isa = PBXBuildFile; productRef = 427A73AD2894DE52007DD02A /* Apollo */; };
		427A73B02894DE52007DD02A /* ApolloWebSocket in Frameworks */ = {isa = PBXBuildFile; productRef = 427A73AF2894DE52007DD02A /* ApolloWebSocket */; };
		427A73B32894DE6F007DD02A /* SimpleToast in Frameworks */ = {isa = PBXBuildFile; productRef = 427A73B22894DE6F007DD02A /* SimpleToast */; };
		427A73B62894DFEC007DD02A /* CombineMoya in Frameworks */ = {isa = PBXBuildFile; productRef = 427A73B52894DFEC007DD02A /* CombineMoya */; };
		427A73B82894DFEC007DD02A /* Moya in Frameworks */ = {isa = PBXBuildFile; productRef = 427A73B72894DFEC007DD02A /* Moya */; };
		427A73BC2894FA2B007DD02A /* TextEx.swift in Sources */ = {isa = PBXBuildFile; fileRef = 427A73BB2894FA2B007DD02A /* TextEx.swift */; };
		42B49ECD286A0732004F1F93 /* SwiftUIGithubAppApp.swift in Sources */ = {isa = PBXBuildFile; fileRef = 42B49ECC286A0732004F1F93 /* SwiftUIGithubAppApp.swift */; };
		42B49ECF286A0732004F1F93 /* ContentView.swift in Sources */ = {isa = PBXBuildFile; fileRef = 42B49ECE286A0732004F1F93 /* ContentView.swift */; };
		42B49ED1286A0734004F1F93 /* Assets.xcassets in Resources */ = {isa = PBXBuildFile; fileRef = 42B49ED0286A0734004F1F93 /* Assets.xcassets */; };
		42B49ED4286A0734004F1F93 /* Preview Assets.xcassets in Resources */ = {isa = PBXBuildFile; fileRef = 42B49ED3286A0734004F1F93 /* Preview Assets.xcassets */; };
		42B49EDC286A075A004F1F93 /* AppState.swift in Sources */ = {isa = PBXBuildFile; fileRef = 42B49EDB286A075A004F1F93 /* AppState.swift */; };
		42B49EDE286A0765004F1F93 /* AppCommand.swift in Sources */ = {isa = PBXBuildFile; fileRef = 42B49EDD286A0765004F1F93 /* AppCommand.swift */; };
		42B49EE0286A0773004F1F93 /* AppAction.swift in Sources */ = {isa = PBXBuildFile; fileRef = 42B49EDF286A0773004F1F93 /* AppAction.swift */; };
		42B49EE5286A07FC004F1F93 /* Trend.swift in Sources */ = {isa = PBXBuildFile; fileRef = 42B49EE4286A07FC004F1F93 /* Trend.swift */; };
		42B49EE7286A0803004F1F93 /* Mine.swift in Sources */ = {isa = PBXBuildFile; fileRef = 42B49EE6286A0803004F1F93 /* Mine.swift */; };
		42B49EE9286A098E004F1F93 /* Feed.swift in Sources */ = {isa = PBXBuildFile; fileRef = 42B49EE8286A098E004F1F93 /* Feed.swift */; };
		42B49EF0286A0C01004F1F93 /* HomeView.swift in Sources */ = {isa = PBXBuildFile; fileRef = 42B49EEF286A0C01004F1F93 /* HomeView.swift */; };
		42C2FB232877CADA00D564C0 /* URLEx.swift in Sources */ = {isa = PBXBuildFile; fileRef = 42C2FB222877CADA00D564C0 /* URLEx.swift */; };
		42DA6F71289260DC0053171C /* Theme.swift in Sources */ = {isa = PBXBuildFile; fileRef = 42DA6F70289260DC0053171C /* Theme.swift */; };
		42FC80FA288E873300473D98 /* StringEx.swift in Sources */ = {isa = PBXBuildFile; fileRef = 42FC80F9288E873300473D98 /* StringEx.swift */; };
		42FC8108288FA8BB00473D98 /* GithubModels.swift in Sources */ = {isa = PBXBuildFile; fileRef = 42FC8107288FA8BB00473D98 /* GithubModels.swift */; };
		42FC812B2890EFEF00473D98 /* DateEx.swift in Sources */ = {isa = PBXBuildFile; fileRef = 42FC812A2890EFEF00473D98 /* DateEx.swift */; };
		42FC812E2891087B00473D98 /* EventItemView.swift in Sources */ = {isa = PBXBuildFile; fileRef = 42FC812D2891087B00473D98 /* EventItemView.swift */; };
		42FC813028911BED00473D98 /* EventViewModel.swift in Sources */ = {isa = PBXBuildFile; fileRef = 42FC812F28911BED00473D98 /* EventViewModel.swift */; };
/* End PBXBuildFile section */

/* Begin PBXContainerItemProxy section */
		423B274A289658C300C07754 /* PBXContainerItemProxy */ = {
			isa = PBXContainerItemProxy;
			containerPortal = 42B49EC1286A0732004F1F93 /* Project object */;
			proxyType = 1;
			remoteGlobalIDString = 42B49EC8286A0732004F1F93;
			remoteInfo = SwiftUIGithubApp;
		};
/* End PBXContainerItemProxy section */

/* Begin PBXFileReference section */
		4236DE59286DA34000F10002 /* schema.graphqls */ = {isa = PBXFileReference; fileEncoding = 4; lastKnownFileType = text; path = schema.graphqls; sourceTree = "<group>"; };
		4236DE5B286DA36C00F10002 /* ViewerName.graphql */ = {isa = PBXFileReference; fileEncoding = 4; lastKnownFileType = text; path = ViewerName.graphql; sourceTree = "<group>"; };
		4236DE5D286DA47400F10002 /* Network.swift */ = {isa = PBXFileReference; lastKnownFileType = sourcecode.swift; path = Network.swift; sourceTree = "<group>"; };
		4236DE5F286DAD2000F10002 /* NetworkInterceptorProvider.swift */ = {isa = PBXFileReference; lastKnownFileType = sourcecode.swift; path = NetworkInterceptorProvider.swift; sourceTree = "<group>"; };
		4236DE63286DB15700F10002 /* Login.swift */ = {isa = PBXFileReference; lastKnownFileType = sourcecode.swift; path = Login.swift; sourceTree = "<group>"; };
		4236DE65286DF68C00F10002 /* ColorEx.swift */ = {isa = PBXFileReference; lastKnownFileType = sourcecode.swift; path = ColorEx.swift; sourceTree = "<group>"; };
		423B274028961C5700C07754 /* DynamicView.swift */ = {isa = PBXFileReference; lastKnownFileType = sourcecode.swift; path = DynamicView.swift; sourceTree = "<group>"; };
		423B2746289658C300C07754 /* SwiftUIGithubAppTests.xctest */ = {isa = PBXFileReference; explicitFileType = wrapper.cfbundle; includeInIndex = 0; path = SwiftUIGithubAppTests.xctest; sourceTree = BUILT_PRODUCTS_DIR; };
		423B2748289658C300C07754 /* SwiftUIGithubAppTests.swift */ = {isa = PBXFileReference; lastKnownFileType = sourcecode.swift; path = SwiftUIGithubAppTests.swift; sourceTree = "<group>"; };
		423B274F28965E0900C07754 /* LocalStorageTests.swift */ = {isa = PBXFileReference; lastKnownFileType = sourcecode.swift; path = LocalStorageTests.swift; sourceTree = "<group>"; };
		423B275728968F8F00C07754 /* FileStorage.swift */ = {isa = PBXFileReference; fileEncoding = 4; lastKnownFileType = sourcecode.swift; path = FileStorage.swift; sourceTree = "<group>"; };
		423B2759289691C400C07754 /* FileHelper.swift */ = {isa = PBXFileReference; fileEncoding = 4; lastKnownFileType = sourcecode.swift; path = FileHelper.swift; sourceTree = "<group>"; };
		4250A5D6286A9AD100DF5A5D /* Store.swift */ = {isa = PBXFileReference; lastKnownFileType = sourcecode.swift; path = Store.swift; sourceTree = "<group>"; };
		4250A5D8286A9B9100DF5A5D /* AppError.swift */ = {isa = PBXFileReference; lastKnownFileType = sourcecode.swift; path = AppError.swift; sourceTree = "<group>"; };
		4250A5DE286AD41B00DF5A5D /* LocalStorage.swift */ = {isa = PBXFileReference; lastKnownFileType = sourcecode.swift; path = LocalStorage.swift; sourceTree = "<group>"; };
		42735C672872A1E800A7D614 /* Address.swift */ = {isa = PBXFileReference; lastKnownFileType = sourcecode.swift; path = Address.swift; sourceTree = "<group>"; };
		42735C692872A20A00A7D614 /* Constants.swift */ = {isa = PBXFileReference; lastKnownFileType = sourcecode.swift; path = Constants.swift; sourceTree = "<group>"; };
		42735C6B2872BCDD00A7D614 /* Config.swift */ = {isa = PBXFileReference; lastKnownFileType = sourcecode.swift; path = Config.swift; sourceTree = "<group>"; };
		42735C6D2872C15B00A7D614 /* GithubAPI.swift */ = {isa = PBXFileReference; lastKnownFileType = sourcecode.swift; path = GithubAPI.swift; sourceTree = "<group>"; };
		42735C7C2873337000A7D614 /* LoginCard.swift */ = {isa = PBXFileReference; lastKnownFileType = sourcecode.swift; path = LoginCard.swift; sourceTree = "<group>"; };
		42735C92287382F700A7D614 /* en */ = {isa = PBXFileReference; lastKnownFileType = text.plist.strings; name = en; path = en.lproj/Localizable.strings; sourceTree = "<group>"; };
		42735C962873836300A7D614 /* zh-Hans */ = {isa = PBXFileReference; lastKnownFileType = text.plist.strings; name = "zh-Hans"; path = "zh-Hans.lproj/Localizable.strings"; sourceTree = "<group>"; };
		42735CA12873EEED00A7D614 /* ja */ = {isa = PBXFileReference; lastKnownFileType = text.plist.strings; name = ja; path = ja.lproj/Localizable.strings; sourceTree = "<group>"; };
		42735CA22873FB2600A7D614 /* ParticlesView.swift */ = {isa = PBXFileReference; lastKnownFileType = sourcecode.swift; path = ParticlesView.swift; sourceTree = "<group>"; };
		42735CA42873FB7800A7D614 /* GradientAnimation.swift */ = {isa = PBXFileReference; fileEncoding = 4; lastKnownFileType = sourcecode.swift; path = GradientAnimation.swift; sourceTree = "<group>"; };
		42735CA62873FBED00A7D614 /* KeyboardManager.swift */ = {isa = PBXFileReference; fileEncoding = 4; lastKnownFileType = sourcecode.swift; path = KeyboardManager.swift; sourceTree = "<group>"; };
		42735CA82874032000A7D614 /* UIColorEx.swift */ = {isa = PBXFileReference; fileEncoding = 4; lastKnownFileType = sourcecode.swift; path = UIColorEx.swift; sourceTree = "<group>"; };
		42735CB128747BA900A7D614 /* CustomActionSheet.swift */ = {isa = PBXFileReference; lastKnownFileType = sourcecode.swift; path = CustomActionSheet.swift; sourceTree = "<group>"; };
		42735CB7287488BD00A7D614 /* Language.swift */ = {isa = PBXFileReference; lastKnownFileType = sourcecode.swift; path = Language.swift; sourceTree = "<group>"; };
		42735CB928748C9300A7D614 /* ActionSheet.swift */ = {isa = PBXFileReference; lastKnownFileType = sourcecode.swift; path = ActionSheet.swift; sourceTree = "<group>"; };
		42735CC32875379F00A7D614 /* ViewEx.swift */ = {isa = PBXFileReference; lastKnownFileType = sourcecode.swift; path = ViewEx.swift; sourceTree = "<group>"; };
		42735CC528755A0C00A7D614 /* WebContent.swift */ = {isa = PBXFileReference; fileEncoding = 4; lastKnownFileType = sourcecode.swift; path = WebContent.swift; sourceTree = "<group>"; };
		42735CC72875E04F00A7D614 /* GithubRequest.swift */ = {isa = PBXFileReference; lastKnownFileType = sourcecode.swift; path = GithubRequest.swift; sourceTree = "<group>"; };
		42735CCC2875F06B00A7D614 /* Helpers.swift */ = {isa = PBXFileReference; lastKnownFileType = sourcecode.swift; path = Helpers.swift; sourceTree = "<group>"; };
		42735CD02876257E00A7D614 /* ScalingCircles.swift */ = {isa = PBXFileReference; fileEncoding = 4; lastKnownFileType = sourcecode.swift; path = ScalingCircles.swift; sourceTree = "<group>"; };
		427A73BB2894FA2B007DD02A /* TextEx.swift */ = {isa = PBXFileReference; lastKnownFileType = sourcecode.swift; path = TextEx.swift; sourceTree = "<group>"; };
		42B49EC9286A0732004F1F93 /* SwiftUIGithubApp.app */ = {isa = PBXFileReference; explicitFileType = wrapper.application; includeInIndex = 0; path = SwiftUIGithubApp.app; sourceTree = BUILT_PRODUCTS_DIR; };
		42B49ECC286A0732004F1F93 /* SwiftUIGithubAppApp.swift */ = {isa = PBXFileReference; lastKnownFileType = sourcecode.swift; path = SwiftUIGithubAppApp.swift; sourceTree = "<group>"; };
		42B49ECE286A0732004F1F93 /* ContentView.swift */ = {isa = PBXFileReference; lastKnownFileType = sourcecode.swift; path = ContentView.swift; sourceTree = "<group>"; };
		42B49ED0286A0734004F1F93 /* Assets.xcassets */ = {isa = PBXFileReference; lastKnownFileType = folder.assetcatalog; path = Assets.xcassets; sourceTree = "<group>"; };
		42B49ED3286A0734004F1F93 /* Preview Assets.xcassets */ = {isa = PBXFileReference; lastKnownFileType = folder.assetcatalog; path = "Preview Assets.xcassets"; sourceTree = "<group>"; };
		42B49EDB286A075A004F1F93 /* AppState.swift */ = {isa = PBXFileReference; lastKnownFileType = sourcecode.swift; path = AppState.swift; sourceTree = "<group>"; };
		42B49EDD286A0765004F1F93 /* AppCommand.swift */ = {isa = PBXFileReference; lastKnownFileType = sourcecode.swift; path = AppCommand.swift; sourceTree = "<group>"; };
		42B49EDF286A0773004F1F93 /* AppAction.swift */ = {isa = PBXFileReference; lastKnownFileType = sourcecode.swift; path = AppAction.swift; sourceTree = "<group>"; };
		42B49EE4286A07FC004F1F93 /* Trend.swift */ = {isa = PBXFileReference; lastKnownFileType = sourcecode.swift; path = Trend.swift; sourceTree = "<group>"; };
		42B49EE6286A0803004F1F93 /* Mine.swift */ = {isa = PBXFileReference; lastKnownFileType = sourcecode.swift; path = Mine.swift; sourceTree = "<group>"; };
		42B49EE8286A098E004F1F93 /* Feed.swift */ = {isa = PBXFileReference; lastKnownFileType = sourcecode.swift; path = Feed.swift; sourceTree = "<group>"; };
		42B49EEF286A0C01004F1F93 /* HomeView.swift */ = {isa = PBXFileReference; lastKnownFileType = sourcecode.swift; path = HomeView.swift; sourceTree = "<group>"; };
		42C2FB222877CADA00D564C0 /* URLEx.swift */ = {isa = PBXFileReference; lastKnownFileType = sourcecode.swift; path = URLEx.swift; sourceTree = "<group>"; };
		42DA6F70289260DC0053171C /* Theme.swift */ = {isa = PBXFileReference; lastKnownFileType = sourcecode.swift; path = Theme.swift; sourceTree = "<group>"; };
		42FC80F9288E873300473D98 /* StringEx.swift */ = {isa = PBXFileReference; lastKnownFileType = sourcecode.swift; path = StringEx.swift; sourceTree = "<group>"; };
		42FC8107288FA8BB00473D98 /* GithubModels.swift */ = {isa = PBXFileReference; lastKnownFileType = sourcecode.swift; path = GithubModels.swift; sourceTree = "<group>"; };
		42FC812A2890EFEF00473D98 /* DateEx.swift */ = {isa = PBXFileReference; lastKnownFileType = sourcecode.swift; path = DateEx.swift; sourceTree = "<group>"; };
		42FC812D2891087B00473D98 /* EventItemView.swift */ = {isa = PBXFileReference; lastKnownFileType = sourcecode.swift; path = EventItemView.swift; sourceTree = "<group>"; };
		42FC812F28911BED00473D98 /* EventViewModel.swift */ = {isa = PBXFileReference; lastKnownFileType = sourcecode.swift; path = EventViewModel.swift; sourceTree = "<group>"; };
/* End PBXFileReference section */

/* Begin PBXFrameworksBuildPhase section */
		423B2743289658C300C07754 /* Frameworks */ = {
			isa = PBXFrameworksBuildPhase;
			buildActionMask = 2147483647;
			files = (
			);
			runOnlyForDeploymentPostprocessing = 0;
		};
		42B49EC6286A0732004F1F93 /* Frameworks */ = {
			isa = PBXFrameworksBuildPhase;
			buildActionMask = 2147483647;
			files = (
				427A73B32894DE6F007DD02A /* SimpleToast in Frameworks */,
				427A73AB2894DB18007DD02A /* Kingfisher in Frameworks */,
				427A73B82894DFEC007DD02A /* Moya in Frameworks */,
				427A73B02894DE52007DD02A /* ApolloWebSocket in Frameworks */,
				427A73B62894DFEC007DD02A /* CombineMoya in Frameworks */,
				427A73AE2894DE52007DD02A /* Apollo in Frameworks */,
			);
			runOnlyForDeploymentPostprocessing = 0;
		};
/* End PBXFrameworksBuildPhase section */

/* Begin PBXGroup section */
		423B2747289658C300C07754 /* SwiftUIGithubAppTests */ = {
			isa = PBXGroup;
			children = (
				423B2748289658C300C07754 /* SwiftUIGithubAppTests.swift */,
				423B274F28965E0900C07754 /* LocalStorageTests.swift */,
			);
			path = SwiftUIGithubAppTests;
			sourceTree = "<group>";
		};
		4250A5DC286AD3FD00DF5A5D /* Common */ = {
			isa = PBXGroup;
			children = (
				42DA6F6F2892600D0053171C /* Theme */,
				4250A5DD286AD40900DF5A5D /* Local */,
				42735C692872A20A00A7D614 /* Constants.swift */,
				42735C6B2872BCDD00A7D614 /* Config.swift */,
			);
			path = Common;
			sourceTree = "<group>";
		};
		4250A5DD286AD40900DF5A5D /* Local */ = {
			isa = PBXGroup;
			children = (
				4250A5DE286AD41B00DF5A5D /* LocalStorage.swift */,
			);
			path = Local;
			sourceTree = "<group>";
		};
		42735C662872A1BF00A7D614 /* Network */ = {
			isa = PBXGroup;
			children = (
				42735CC92875E15C00A7D614 /* ModelTypes */,
				4236DE5D286DA47400F10002 /* Network.swift */,
				4236DE5F286DAD2000F10002 /* NetworkInterceptorProvider.swift */,
				42735C672872A1E800A7D614 /* Address.swift */,
				42735C6D2872C15B00A7D614 /* GithubAPI.swift */,
				42735CC72875E04F00A7D614 /* GithubRequest.swift */,
			);
			path = Network;
			sourceTree = "<group>";
		};
		42735C7B2873336500A7D614 /* Login */ = {
			isa = PBXGroup;
			children = (
				42735C7C2873337000A7D614 /* LoginCard.swift */,
				42735CA22873FB2600A7D614 /* ParticlesView.swift */,
				42735CA42873FB7800A7D614 /* GradientAnimation.swift */,
			);
			path = Login;
			sourceTree = "<group>";
		};
		42735CC92875E15C00A7D614 /* ModelTypes */ = {
			isa = PBXGroup;
			children = (
				42FC8107288FA8BB00473D98 /* GithubModels.swift */,
			);
			path = ModelTypes;
			sourceTree = "<group>";
		};
		42B49EC0286A0732004F1F93 = {
			isa = PBXGroup;
			children = (
				42B49ECB286A0732004F1F93 /* SwiftUIGithubApp */,
				423B2747289658C300C07754 /* SwiftUIGithubAppTests */,
				42B49ECA286A0732004F1F93 /* Products */,
			);
			sourceTree = "<group>";
		};
		42B49ECA286A0732004F1F93 /* Products */ = {
			isa = PBXGroup;
			children = (
				42B49EC9286A0732004F1F93 /* SwiftUIGithubApp.app */,
				423B2746289658C300C07754 /* SwiftUIGithubAppTests.xctest */,
			);
			name = Products;
			sourceTree = "<group>";
		};
		42B49ECB286A0732004F1F93 /* SwiftUIGithubApp */ = {
			isa = PBXGroup;
			children = (
				4250A5DC286AD3FD00DF5A5D /* Common */,
				42B49EEA286A0AA8004F1F93 /* Utils */,
				42B49EE1286A07D1004F1F93 /* UI */,
				42B49EDA286A0743004F1F93 /* DataFlow */,
				42735C662872A1BF00A7D614 /* Network */,
				42D4CB2C28B5DC3D00A38880 /* IO */,
				42B49ECC286A0732004F1F93 /* SwiftUIGithubAppApp.swift */,
				42B49ECE286A0732004F1F93 /* ContentView.swift */,
				42B49EEF286A0C01004F1F93 /* HomeView.swift */,
				42735C93287382F700A7D614 /* Localizable.strings */,
				4236DE59286DA34000F10002 /* schema.graphqls */,
				4236DE5B286DA36C00F10002 /* ViewerName.graphql */,
				42B49ED0286A0734004F1F93 /* Assets.xcassets */,
				42B49ED2286A0734004F1F93 /* Preview Content */,
			);
			path = SwiftUIGithubApp;
			sourceTree = "<group>";
		};
		42B49ED2286A0734004F1F93 /* Preview Content */ = {
			isa = PBXGroup;
			children = (
				42B49ED3286A0734004F1F93 /* Preview Assets.xcassets */,
			);
			path = "Preview Content";
			sourceTree = "<group>";
		};
		42B49EDA286A0743004F1F93 /* DataFlow */ = {
			isa = PBXGroup;
			children = (
				42B49EDB286A075A004F1F93 /* AppState.swift */,
				42B49EDD286A0765004F1F93 /* AppCommand.swift */,
				42B49EDF286A0773004F1F93 /* AppAction.swift */,
				4250A5D6286A9AD100DF5A5D /* Store.swift */,
				4250A5D8286A9B9100DF5A5D /* AppError.swift */,
			);
			path = DataFlow;
			sourceTree = "<group>";
		};
		42B49EE1286A07D1004F1F93 /* UI */ = {
			isa = PBXGroup;
			children = (
				42FC812C2891001B00473D98 /* Dynamic */,
				42735C7B2873336500A7D614 /* Login */,
				42B49EE8286A098E004F1F93 /* Feed.swift */,
				42B49EE4286A07FC004F1F93 /* Trend.swift */,
				42B49EE6286A0803004F1F93 /* Mine.swift */,
				4236DE63286DB15700F10002 /* Login.swift */,
				42735CB128747BA900A7D614 /* CustomActionSheet.swift */,
				42735CB928748C9300A7D614 /* ActionSheet.swift */,
				42735CC528755A0C00A7D614 /* WebContent.swift */,
				42735CD02876257E00A7D614 /* ScalingCircles.swift */,
			);
			path = UI;
			sourceTree = "<group>";
		};
		42B49EEA286A0AA8004F1F93 /* Utils */ = {
			isa = PBXGroup;
			children = (
				4236DE65286DF68C00F10002 /* ColorEx.swift */,
				42735CA62873FBED00A7D614 /* KeyboardManager.swift */,
				42735CA82874032000A7D614 /* UIColorEx.swift */,
				42735CB7287488BD00A7D614 /* Language.swift */,
				42735CC32875379F00A7D614 /* ViewEx.swift */,
				42735CCC2875F06B00A7D614 /* Helpers.swift */,
				42C2FB222877CADA00D564C0 /* URLEx.swift */,
				42FC80F9288E873300473D98 /* StringEx.swift */,
				42FC812A2890EFEF00473D98 /* DateEx.swift */,
				427A73BB2894FA2B007DD02A /* TextEx.swift */,
			);
			path = Utils;
			sourceTree = "<group>";
		};
		42D4CB2C28B5DC3D00A38880 /* IO */ = {
			isa = PBXGroup;
			children = (
				423B275728968F8F00C07754 /* FileStorage.swift */,
				423B2759289691C400C07754 /* FileHelper.swift */,
			);
			path = IO;
			sourceTree = "<group>";
		};
		42DA6F6F2892600D0053171C /* Theme */ = {
			isa = PBXGroup;
			children = (
				42DA6F70289260DC0053171C /* Theme.swift */,
			);
			path = Theme;
			sourceTree = "<group>";
		};
		42FC812C2891001B00473D98 /* Dynamic */ = {
			isa = PBXGroup;
			children = (
				42FC812D2891087B00473D98 /* EventItemView.swift */,
				42FC812F28911BED00473D98 /* EventViewModel.swift */,
				423B274028961C5700C07754 /* DynamicView.swift */,
			);
			path = Dynamic;
			sourceTree = "<group>";
		};
/* End PBXGroup section */

/* Begin PBXNativeTarget section */
		423B2745289658C300C07754 /* SwiftUIGithubAppTests */ = {
			isa = PBXNativeTarget;
			buildConfigurationList = 423B274C289658C300C07754 /* Build configuration list for PBXNativeTarget "SwiftUIGithubAppTests" */;
			buildPhases = (
				423B2742289658C300C07754 /* Sources */,
				423B2743289658C300C07754 /* Frameworks */,
				423B2744289658C300C07754 /* Resources */,
			);
			buildRules = (
			);
			dependencies = (
				423B274B289658C300C07754 /* PBXTargetDependency */,
			);
			name = SwiftUIGithubAppTests;
			productName = SwiftUIGithubAppTests;
			productReference = 423B2746289658C300C07754 /* SwiftUIGithubAppTests.xctest */;
			productType = "com.apple.product-type.bundle.unit-test";
		};
		42B49EC8286A0732004F1F93 /* SwiftUIGithubApp */ = {
			isa = PBXNativeTarget;
			buildConfigurationList = 42B49ED7286A0734004F1F93 /* Build configuration list for PBXNativeTarget "SwiftUIGithubApp" */;
			buildPhases = (
				429109CD286C98610022AD4D /* Apollo */,
				42B49EC5286A0732004F1F93 /* Sources */,
				42B49EC6286A0732004F1F93 /* Frameworks */,
				42B49EC7286A0732004F1F93 /* Resources */,
			);
			buildRules = (
			);
			dependencies = (
			);
			name = SwiftUIGithubApp;
			packageProductDependencies = (
				427A73AA2894DB18007DD02A /* Kingfisher */,
				427A73AD2894DE52007DD02A /* Apollo */,
				427A73AF2894DE52007DD02A /* ApolloWebSocket */,
				427A73B22894DE6F007DD02A /* SimpleToast */,
				427A73B52894DFEC007DD02A /* CombineMoya */,
				427A73B72894DFEC007DD02A /* Moya */,
			);
			productName = SwiftUIGithubApp;
			productReference = 42B49EC9286A0732004F1F93 /* SwiftUIGithubApp.app */;
			productType = "com.apple.product-type.application";
		};
/* End PBXNativeTarget section */

/* Begin PBXProject section */
		42B49EC1286A0732004F1F93 /* Project object */ = {
			isa = PBXProject;
			attributes = {
				BuildIndependentTargetsInParallel = 1;
				LastSwiftUpdateCheck = 1340;
				LastUpgradeCheck = 1340;
				TargetAttributes = {
					423B2745289658C300C07754 = {
						CreatedOnToolsVersion = 13.4;
						TestTargetID = 42B49EC8286A0732004F1F93;
					};
					42B49EC8286A0732004F1F93 = {
						CreatedOnToolsVersion = 13.4;
					};
				};
			};
			buildConfigurationList = 42B49EC4286A0732004F1F93 /* Build configuration list for PBXProject "SwiftUIGithubApp" */;
			compatibilityVersion = "Xcode 13.0";
			developmentRegion = en;
			hasScannedForEncodings = 0;
			knownRegions = (
				en,
				Base,
				"zh-Hans",
				ja,
			);
			mainGroup = 42B49EC0286A0732004F1F93;
			packageReferences = (
				427A73A92894DB18007DD02A /* XCRemoteSwiftPackageReference "Kingfisher" */,
				427A73AC2894DE52007DD02A /* XCRemoteSwiftPackageReference "apollo-ios" */,
				427A73B12894DE6F007DD02A /* XCRemoteSwiftPackageReference "SimpleToast" */,
				427A73B42894DFEC007DD02A /* XCRemoteSwiftPackageReference "Moya" */,
			);
			productRefGroup = 42B49ECA286A0732004F1F93 /* Products */;
			projectDirPath = "";
			projectRoot = "";
			targets = (
				42B49EC8286A0732004F1F93 /* SwiftUIGithubApp */,
				423B2745289658C300C07754 /* SwiftUIGithubAppTests */,
			);
		};
/* End PBXProject section */

/* Begin PBXResourcesBuildPhase section */
		423B2744289658C300C07754 /* Resources */ = {
			isa = PBXResourcesBuildPhase;
			buildActionMask = 2147483647;
			files = (
			);
			runOnlyForDeploymentPostprocessing = 0;
		};
		42B49EC7286A0732004F1F93 /* Resources */ = {
			isa = PBXResourcesBuildPhase;
			buildActionMask = 2147483647;
			files = (
				42735C91287382F700A7D614 /* Localizable.strings in Resources */,
				42B49ED4286A0734004F1F93 /* Preview Assets.xcassets in Resources */,
				4236DE5A286DA34000F10002 /* schema.graphqls in Resources */,
				4236DE5C286DA36D00F10002 /* ViewerName.graphql in Resources */,
				42B49ED1286A0734004F1F93 /* Assets.xcassets in Resources */,
			);
			runOnlyForDeploymentPostprocessing = 0;
		};
/* End PBXResourcesBuildPhase section */

/* Begin PBXShellScriptBuildPhase section */
		429109CD286C98610022AD4D /* Apollo */ = {
			isa = PBXShellScriptBuildPhase;
			buildActionMask = 2147483647;
			files = (
			);
			inputFileListPaths = (
			);
			inputPaths = (
			);
			name = Apollo;
			outputFileListPaths = (
			);
			outputPaths = (
			);
			runOnlyForDeploymentPostprocessing = 0;
			shellPath = /bin/sh;
			shellScript = "# Don't run this during index builds\nif [ $ACTION = \"indexbuild\" ]; then exit 0; fi\n\ncd \"${SRCROOT}\"/ApolloCodegen\nxcrun -sdk macosx swift run ApolloCodegen generate\n\n# propagate the xcrun call's return code to Xcode\nexit $?\n";
		};
/* End PBXShellScriptBuildPhase section */

/* Begin PBXSourcesBuildPhase section */
		423B2742289658C300C07754 /* Sources */ = {
			isa = PBXSourcesBuildPhase;
			buildActionMask = 2147483647;
			files = (
				423B2749289658C300C07754 /* SwiftUIGithubAppTests.swift in Sources */,
				423B275028965E0900C07754 /* LocalStorageTests.swift in Sources */,
			);
			runOnlyForDeploymentPostprocessing = 0;
		};
		42B49EC5286A0732004F1F93 /* Sources */ = {
			isa = PBXSourcesBuildPhase;
			buildActionMask = 2147483647;
			files = (
				423B274128961C5700C07754 /* DynamicView.swift in Sources */,
				423B275828968F8F00C07754 /* FileStorage.swift in Sources */,
				42735CA92874032000A7D614 /* UIColorEx.swift in Sources */,
				42C2FB232877CADA00D564C0 /* URLEx.swift in Sources */,
				42FC812E2891087B00473D98 /* EventItemView.swift in Sources */,
				42B49EDC286A075A004F1F93 /* AppState.swift in Sources */,
				42B49EE9286A098E004F1F93 /* Feed.swift in Sources */,
				42735CA52873FB7800A7D614 /* GradientAnimation.swift in Sources */,
				4236DE5E286DA47400F10002 /* Network.swift in Sources */,
				42735CC42875379F00A7D614 /* ViewEx.swift in Sources */,
				42B49ECF286A0732004F1F93 /* ContentView.swift in Sources */,
				4250A5D7286A9AD100DF5A5D /* Store.swift in Sources */,
				4250A5D9286A9B9100DF5A5D /* AppError.swift in Sources */,
				42735CA32873FB2600A7D614 /* ParticlesView.swift in Sources */,
				423B275A289691C400C07754 /* FileHelper.swift in Sources */,
				42735CA72873FBED00A7D614 /* KeyboardManager.swift in Sources */,
				42735C6E2872C15B00A7D614 /* GithubAPI.swift in Sources */,
				42B49EE0286A0773004F1F93 /* AppAction.swift in Sources */,
				42FC813028911BED00473D98 /* EventViewModel.swift in Sources */,
				42735CD12876257E00A7D614 /* ScalingCircles.swift in Sources */,
				4250A5DF286AD41B00DF5A5D /* LocalStorage.swift in Sources */,
				42735CBA28748C9300A7D614 /* ActionSheet.swift in Sources */,
				42B49EF0286A0C01004F1F93 /* HomeView.swift in Sources */,
				42735CC628755A0C00A7D614 /* WebContent.swift in Sources */,
				4236DE60286DAD2000F10002 /* NetworkInterceptorProvider.swift in Sources */,
				42B49EE5286A07FC004F1F93 /* Trend.swift in Sources */,
				42735C6A2872A20A00A7D614 /* Constants.swift in Sources */,
				42735CB8287488BD00A7D614 /* Language.swift in Sources */,
				42735C7D2873337000A7D614 /* LoginCard.swift in Sources */,
				42DA6F71289260DC0053171C /* Theme.swift in Sources */,
				42B49ECD286A0732004F1F93 /* SwiftUIGithubAppApp.swift in Sources */,
				42B49EE7286A0803004F1F93 /* Mine.swift in Sources */,
				42735CB228747BA900A7D614 /* CustomActionSheet.swift in Sources */,
				427A73BC2894FA2B007DD02A /* TextEx.swift in Sources */,
				42FC8108288FA8BB00473D98 /* GithubModels.swift in Sources */,
				42735CC82875E04F00A7D614 /* GithubRequest.swift in Sources */,
				42735CCD2875F06B00A7D614 /* Helpers.swift in Sources */,
				42735C6C2872BCDD00A7D614 /* Config.swift in Sources */,
				42735C682872A1E800A7D614 /* Address.swift in Sources */,
				42FC80FA288E873300473D98 /* StringEx.swift in Sources */,
				4236DE64286DB15700F10002 /* Login.swift in Sources */,
				42B49EDE286A0765004F1F93 /* AppCommand.swift in Sources */,
				42FC812B2890EFEF00473D98 /* DateEx.swift in Sources */,
				4236DE66286DF68C00F10002 /* ColorEx.swift in Sources */,
			);
			runOnlyForDeploymentPostprocessing = 0;
		};
/* End PBXSourcesBuildPhase section */

/* Begin PBXTargetDependency section */
		423B274B289658C300C07754 /* PBXTargetDependency */ = {
			isa = PBXTargetDependency;
			target = 42B49EC8286A0732004F1F93 /* SwiftUIGithubApp */;
			targetProxy = 423B274A289658C300C07754 /* PBXContainerItemProxy */;
		};
/* End PBXTargetDependency section */

/* Begin PBXVariantGroup section */
		42735C93287382F700A7D614 /* Localizable.strings */ = {
			isa = PBXVariantGroup;
			children = (
				42735C92287382F700A7D614 /* en */,
				42735C962873836300A7D614 /* zh-Hans */,
				42735CA12873EEED00A7D614 /* ja */,
			);
			name = Localizable.strings;
			sourceTree = "<group>";
		};
/* End PBXVariantGroup section */

/* Begin XCBuildConfiguration section */
		423B274D289658C300C07754 /* Debug */ = {
			isa = XCBuildConfiguration;
			buildSettings = {
				BUNDLE_LOADER = "$(TEST_HOST)";
				CODE_SIGN_STYLE = Automatic;
				CURRENT_PROJECT_VERSION = 1;
				DEVELOPMENT_TEAM = CMFFWSM4Q4;
				GENERATE_INFOPLIST_FILE = YES;
				IPHONEOS_DEPLOYMENT_TARGET = 15.5;
				MARKETING_VERSION = 1.0;
				PRODUCT_BUNDLE_IDENTIFIER = org.joshua.SwiftUIGithubApp.SwiftUIGithubAppTests;
				PRODUCT_NAME = "$(TARGET_NAME)";
				SWIFT_EMIT_LOC_STRINGS = NO;
				SWIFT_VERSION = 5.0;
				TARGETED_DEVICE_FAMILY = "1,2";
				TEST_HOST = "$(BUILT_PRODUCTS_DIR)/SwiftUIGithubApp.app/SwiftUIGithubApp";
			};
			name = Debug;
		};
		423B274E289658C300C07754 /* Release */ = {
			isa = XCBuildConfiguration;
			buildSettings = {
				BUNDLE_LOADER = "$(TEST_HOST)";
				CODE_SIGN_STYLE = Automatic;
				CURRENT_PROJECT_VERSION = 1;
				DEVELOPMENT_TEAM = CMFFWSM4Q4;
				GENERATE_INFOPLIST_FILE = YES;
				IPHONEOS_DEPLOYMENT_TARGET = 15.5;
				MARKETING_VERSION = 1.0;
				PRODUCT_BUNDLE_IDENTIFIER = org.joshua.SwiftUIGithubApp.SwiftUIGithubAppTests;
				PRODUCT_NAME = "$(TARGET_NAME)";
				SWIFT_EMIT_LOC_STRINGS = NO;
				SWIFT_VERSION = 5.0;
				TARGETED_DEVICE_FAMILY = "1,2";
				TEST_HOST = "$(BUILT_PRODUCTS_DIR)/SwiftUIGithubApp.app/SwiftUIGithubApp";
			};
			name = Release;
		};
		42B49ED5286A0734004F1F93 /* Debug */ = {
			isa = XCBuildConfiguration;
			buildSettings = {
				ALWAYS_SEARCH_USER_PATHS = NO;
				CLANG_ANALYZER_LOCALIZABILITY_NONLOCALIZED = YES;
				CLANG_ANALYZER_NONNULL = YES;
				CLANG_ANALYZER_NUMBER_OBJECT_CONVERSION = YES_AGGRESSIVE;
				CLANG_CXX_LANGUAGE_STANDARD = "gnu++17";
				CLANG_ENABLE_MODULES = YES;
				CLANG_ENABLE_OBJC_ARC = YES;
				CLANG_ENABLE_OBJC_WEAK = YES;
				CLANG_WARN_BLOCK_CAPTURE_AUTORELEASING = YES;
				CLANG_WARN_BOOL_CONVERSION = YES;
				CLANG_WARN_COMMA = YES;
				CLANG_WARN_CONSTANT_CONVERSION = YES;
				CLANG_WARN_DEPRECATED_OBJC_IMPLEMENTATIONS = YES;
				CLANG_WARN_DIRECT_OBJC_ISA_USAGE = YES_ERROR;
				CLANG_WARN_DOCUMENTATION_COMMENTS = YES;
				CLANG_WARN_EMPTY_BODY = YES;
				CLANG_WARN_ENUM_CONVERSION = YES;
				CLANG_WARN_INFINITE_RECURSION = YES;
				CLANG_WARN_INT_CONVERSION = YES;
				CLANG_WARN_NON_LITERAL_NULL_CONVERSION = YES;
				CLANG_WARN_OBJC_IMPLICIT_RETAIN_SELF = YES;
				CLANG_WARN_OBJC_LITERAL_CONVERSION = YES;
				CLANG_WARN_OBJC_ROOT_CLASS = YES_ERROR;
				CLANG_WARN_QUOTED_INCLUDE_IN_FRAMEWORK_HEADER = YES;
				CLANG_WARN_RANGE_LOOP_ANALYSIS = YES;
				CLANG_WARN_STRICT_PROTOTYPES = YES;
				CLANG_WARN_SUSPICIOUS_MOVE = YES;
				CLANG_WARN_UNGUARDED_AVAILABILITY = YES_AGGRESSIVE;
				CLANG_WARN_UNREACHABLE_CODE = YES;
				CLANG_WARN__DUPLICATE_METHOD_MATCH = YES;
				COPY_PHASE_STRIP = NO;
				DEBUG_INFORMATION_FORMAT = dwarf;
				ENABLE_STRICT_OBJC_MSGSEND = YES;
				ENABLE_TESTABILITY = YES;
				GCC_C_LANGUAGE_STANDARD = gnu11;
				GCC_DYNAMIC_NO_PIC = NO;
				GCC_NO_COMMON_BLOCKS = YES;
				GCC_OPTIMIZATION_LEVEL = 0;
				GCC_PREPROCESSOR_DEFINITIONS = (
					"DEBUG=1",
					"$(inherited)",
				);
				GCC_WARN_64_TO_32_BIT_CONVERSION = YES;
				GCC_WARN_ABOUT_RETURN_TYPE = YES_ERROR;
				GCC_WARN_UNDECLARED_SELECTOR = YES;
				GCC_WARN_UNINITIALIZED_AUTOS = YES_AGGRESSIVE;
				GCC_WARN_UNUSED_FUNCTION = YES;
				GCC_WARN_UNUSED_VARIABLE = YES;
				IPHONEOS_DEPLOYMENT_TARGET = 15.4;
				MTL_ENABLE_DEBUG_INFO = INCLUDE_SOURCE;
				MTL_FAST_MATH = YES;
				ONLY_ACTIVE_ARCH = YES;
				SDKROOT = iphoneos;
				SWIFT_ACTIVE_COMPILATION_CONDITIONS = DEBUG;
				SWIFT_OPTIMIZATION_LEVEL = "-Onone";
			};
			name = Debug;
		};
		42B49ED6286A0734004F1F93 /* Release */ = {
			isa = XCBuildConfiguration;
			buildSettings = {
				ALWAYS_SEARCH_USER_PATHS = NO;
				CLANG_ANALYZER_LOCALIZABILITY_NONLOCALIZED = YES;
				CLANG_ANALYZER_NONNULL = YES;
				CLANG_ANALYZER_NUMBER_OBJECT_CONVERSION = YES_AGGRESSIVE;
				CLANG_CXX_LANGUAGE_STANDARD = "gnu++17";
				CLANG_ENABLE_MODULES = YES;
				CLANG_ENABLE_OBJC_ARC = YES;
				CLANG_ENABLE_OBJC_WEAK = YES;
				CLANG_WARN_BLOCK_CAPTURE_AUTORELEASING = YES;
				CLANG_WARN_BOOL_CONVERSION = YES;
				CLANG_WARN_COMMA = YES;
				CLANG_WARN_CONSTANT_CONVERSION = YES;
				CLANG_WARN_DEPRECATED_OBJC_IMPLEMENTATIONS = YES;
				CLANG_WARN_DIRECT_OBJC_ISA_USAGE = YES_ERROR;
				CLANG_WARN_DOCUMENTATION_COMMENTS = YES;
				CLANG_WARN_EMPTY_BODY = YES;
				CLANG_WARN_ENUM_CONVERSION = YES;
				CLANG_WARN_INFINITE_RECURSION = YES;
				CLANG_WARN_INT_CONVERSION = YES;
				CLANG_WARN_NON_LITERAL_NULL_CONVERSION = YES;
				CLANG_WARN_OBJC_IMPLICIT_RETAIN_SELF = YES;
				CLANG_WARN_OBJC_LITERAL_CONVERSION = YES;
				CLANG_WARN_OBJC_ROOT_CLASS = YES_ERROR;
				CLANG_WARN_QUOTED_INCLUDE_IN_FRAMEWORK_HEADER = YES;
				CLANG_WARN_RANGE_LOOP_ANALYSIS = YES;
				CLANG_WARN_STRICT_PROTOTYPES = YES;
				CLANG_WARN_SUSPICIOUS_MOVE = YES;
				CLANG_WARN_UNGUARDED_AVAILABILITY = YES_AGGRESSIVE;
				CLANG_WARN_UNREACHABLE_CODE = YES;
				CLANG_WARN__DUPLICATE_METHOD_MATCH = YES;
				COPY_PHASE_STRIP = NO;
				DEBUG_INFORMATION_FORMAT = "dwarf-with-dsym";
				ENABLE_NS_ASSERTIONS = NO;
				ENABLE_STRICT_OBJC_MSGSEND = YES;
				GCC_C_LANGUAGE_STANDARD = gnu11;
				GCC_NO_COMMON_BLOCKS = YES;
				GCC_WARN_64_TO_32_BIT_CONVERSION = YES;
				GCC_WARN_ABOUT_RETURN_TYPE = YES_ERROR;
				GCC_WARN_UNDECLARED_SELECTOR = YES;
				GCC_WARN_UNINITIALIZED_AUTOS = YES_AGGRESSIVE;
				GCC_WARN_UNUSED_FUNCTION = YES;
				GCC_WARN_UNUSED_VARIABLE = YES;
				IPHONEOS_DEPLOYMENT_TARGET = 15.4;
				MTL_ENABLE_DEBUG_INFO = NO;
				MTL_FAST_MATH = YES;
				SDKROOT = iphoneos;
				SWIFT_COMPILATION_MODE = wholemodule;
				SWIFT_OPTIMIZATION_LEVEL = "-O";
				VALIDATE_PRODUCT = YES;
			};
			name = Release;
		};
		42B49ED8286A0734004F1F93 /* Debug */ = {
			isa = XCBuildConfiguration;
			buildSettings = {
				ASSETCATALOG_COMPILER_APPICON_NAME = AppIcon;
				ASSETCATALOG_COMPILER_GLOBAL_ACCENT_COLOR_NAME = AccentColor;
				CODE_SIGN_STYLE = Automatic;
				CURRENT_PROJECT_VERSION = 1;
				DEVELOPMENT_ASSET_PATHS = "\"SwiftUIGithubApp/Preview Content\"";
				DEVELOPMENT_TEAM = CMFFWSM4Q4;
				ENABLE_PREVIEWS = YES;
				GENERATE_INFOPLIST_FILE = YES;
				INFOPLIST_KEY_UIApplicationSceneManifest_Generation = YES;
				INFOPLIST_KEY_UIApplicationSupportsIndirectInputEvents = YES;
				INFOPLIST_KEY_UILaunchScreen_Generation = YES;
				INFOPLIST_KEY_UISupportedInterfaceOrientations_iPad = "UIInterfaceOrientationPortrait UIInterfaceOrientationPortraitUpsideDown UIInterfaceOrientationLandscapeLeft UIInterfaceOrientationLandscapeRight";
				INFOPLIST_KEY_UISupportedInterfaceOrientations_iPhone = "UIInterfaceOrientationPortrait UIInterfaceOrientationLandscapeLeft UIInterfaceOrientationLandscapeRight";
				LD_RUNPATH_SEARCH_PATHS = (
					"$(inherited)",
					"@executable_path/Frameworks",
				);
				MARKETING_VERSION = 1.0;
				PRODUCT_BUNDLE_IDENTIFIER = org.joshua.swiftuigithub.SwiftUIGithubApp;
				PRODUCT_NAME = "$(TARGET_NAME)";
				SWIFT_EMIT_LOC_STRINGS = YES;
				SWIFT_VERSION = 5.0;
				TARGETED_DEVICE_FAMILY = "1,2";
			};
			name = Debug;
		};
		42B49ED9286A0734004F1F93 /* Release */ = {
			isa = XCBuildConfiguration;
			buildSettings = {
				ASSETCATALOG_COMPILER_APPICON_NAME = AppIcon;
				ASSETCATALOG_COMPILER_GLOBAL_ACCENT_COLOR_NAME = AccentColor;
				CODE_SIGN_STYLE = Automatic;
				CURRENT_PROJECT_VERSION = 1;
				DEVELOPMENT_ASSET_PATHS = "\"SwiftUIGithubApp/Preview Content\"";
				DEVELOPMENT_TEAM = CMFFWSM4Q4;
				ENABLE_PREVIEWS = YES;
				GENERATE_INFOPLIST_FILE = YES;
				INFOPLIST_KEY_UIApplicationSceneManifest_Generation = YES;
				INFOPLIST_KEY_UIApplicationSupportsIndirectInputEvents = YES;
				INFOPLIST_KEY_UILaunchScreen_Generation = YES;
				INFOPLIST_KEY_UISupportedInterfaceOrientations_iPad = "UIInterfaceOrientationPortrait UIInterfaceOrientationPortraitUpsideDown UIInterfaceOrientationLandscapeLeft UIInterfaceOrientationLandscapeRight";
				INFOPLIST_KEY_UISupportedInterfaceOrientations_iPhone = "UIInterfaceOrientationPortrait UIInterfaceOrientationLandscapeLeft UIInterfaceOrientationLandscapeRight";
				LD_RUNPATH_SEARCH_PATHS = (
					"$(inherited)",
					"@executable_path/Frameworks",
				);
				MARKETING_VERSION = 1.0;
				PRODUCT_BUNDLE_IDENTIFIER = org.joshua.swiftuigithub.SwiftUIGithubApp;
				PRODUCT_NAME = "$(TARGET_NAME)";
				SWIFT_EMIT_LOC_STRINGS = YES;
				SWIFT_VERSION = 5.0;
				TARGETED_DEVICE_FAMILY = "1,2";
			};
			name = Release;
		};
/* End XCBuildConfiguration section */

/* Begin XCConfigurationList section */
		423B274C289658C300C07754 /* Build configuration list for PBXNativeTarget "SwiftUIGithubAppTests" */ = {
			isa = XCConfigurationList;
			buildConfigurations = (
				423B274D289658C300C07754 /* Debug */,
				423B274E289658C300C07754 /* Release */,
			);
			defaultConfigurationIsVisible = 0;
			defaultConfigurationName = Release;
		};
		42B49EC4286A0732004F1F93 /* Build configuration list for PBXProject "SwiftUIGithubApp" */ = {
			isa = XCConfigurationList;
			buildConfigurations = (
				42B49ED5286A0734004F1F93 /* Debug */,
				42B49ED6286A0734004F1F93 /* Release */,
			);
			defaultConfigurationIsVisible = 0;
			defaultConfigurationName = Release;
		};
		42B49ED7286A0734004F1F93 /* Build configuration list for PBXNativeTarget "SwiftUIGithubApp" */ = {
			isa = XCConfigurationList;
			buildConfigurations = (
				42B49ED8286A0734004F1F93 /* Debug */,
				42B49ED9286A0734004F1F93 /* Release */,
			);
			defaultConfigurationIsVisible = 0;
			defaultConfigurationName = Release;
		};
/* End XCConfigurationList section */

/* Begin XCRemoteSwiftPackageReference section */
		427A73A92894DB18007DD02A /* XCRemoteSwiftPackageReference "Kingfisher" */ = {
			isa = XCRemoteSwiftPackageReference;
			repositoryURL = "https://gitee.com/joshuachan/Kingfisher.git";
			requirement = {
				kind = upToNextMajorVersion;
				minimumVersion = 7.0.0;
			};
		};
		427A73AC2894DE52007DD02A /* XCRemoteSwiftPackageReference "apollo-ios" */ = {
			isa = XCRemoteSwiftPackageReference;
			repositoryURL = "https://gitee.com/joshuachan/apollo-ios.git";
			requirement = {
				kind = upToNextMajorVersion;
				minimumVersion = 0.50.0;
			};
		};
		427A73B12894DE6F007DD02A /* XCRemoteSwiftPackageReference "SimpleToast" */ = {
			isa = XCRemoteSwiftPackageReference;
			repositoryURL = "https://gitee.com/joshuachan/SimpleToast.git";
			requirement = {
				kind = upToNextMajorVersion;
				minimumVersion = 0.6.2;
			};
		};
		427A73B42894DFEC007DD02A /* XCRemoteSwiftPackageReference "Moya" */ = {
			isa = XCRemoteSwiftPackageReference;
			repositoryURL = "https://gitee.com/joshuachan/Moya.git";
			requirement = {
				kind = upToNextMajorVersion;
				minimumVersion = 15.0.0;
			};
		};
/* End XCRemoteSwiftPackageReference section */

/* Begin XCSwiftPackageProductDependency section */
		427A73AA2894DB18007DD02A /* Kingfisher */ = {
			isa = XCSwiftPackageProductDependency;
			package = 427A73A92894DB18007DD02A /* XCRemoteSwiftPackageReference "Kingfisher" */;
			productName = Kingfisher;
		};
		427A73AD2894DE52007DD02A /* Apollo */ = {
			isa = XCSwiftPackageProductDependency;
			package = 427A73AC2894DE52007DD02A /* XCRemoteSwiftPackageReference "apollo-ios" */;
			productName = Apollo;
		};
		427A73AF2894DE52007DD02A /* ApolloWebSocket */ = {
			isa = XCSwiftPackageProductDependency;
			package = 427A73AC2894DE52007DD02A /* XCRemoteSwiftPackageReference "apollo-ios" */;
			productName = ApolloWebSocket;
		};
		427A73B22894DE6F007DD02A /* SimpleToast */ = {
			isa = XCSwiftPackageProductDependency;
			package = 427A73B12894DE6F007DD02A /* XCRemoteSwiftPackageReference "SimpleToast" */;
			productName = SimpleToast;
		};
		427A73B52894DFEC007DD02A /* CombineMoya */ = {
			isa = XCSwiftPackageProductDependency;
			package = 427A73B42894DFEC007DD02A /* XCRemoteSwiftPackageReference "Moya" */;
			productName = CombineMoya;
		};
		427A73B72894DFEC007DD02A /* Moya */ = {
			isa = XCSwiftPackageProductDependency;
			package = 427A73B42894DFEC007DD02A /* XCRemoteSwiftPackageReference "Moya" */;
			productName = Moya;
		};
/* End XCSwiftPackageProductDependency section */
	};
	rootObject = 42B49EC1286A0732004F1F93 /* Project object */;
}
